# This file is automatically @generated by Poetry 2.1.2 and should not be changed by hand.

[[package]]
name = "neo4j"
version = "5.28.1"
description = "Neo4j Bolt driver for Python"
optional = false
python-versions = ">=3.7"
groups = ["main"]
files = [
    {file = "neo4j-5.28.1-py3-none-any.whl", hash = "sha256:6755ef9e5f4e14b403aef1138fb6315b120631a0075c138b5ddb2a06b87b09fd"},
    {file = "neo4j-5.28.1.tar.gz", hash = "sha256:ae8e37a1d895099062c75bc359b2cce62099baac7be768d0eba7180c1298e214"},
]

[package.dependencies]
pytz = "*"

[package.extras]
numpy = ["numpy (>=1.7.0,<3.0.0)"]
pandas = ["numpy (>=1.7.0,<3.0.0)", "pandas (>=1.1.0,<3.0.0)"]
pyarrow = ["pyarrow (>=1.0.0)"]

[[package]]
name = "neomodel"
version = "5.5.0"
description = "An object mapper for the neo4j graph database."
optional = false
python-versions = ">=3.9"
groups = ["main"]
files = [
    {file = "neomodel-5.5.0-py3-none-any.whl", hash = "sha256:47eadac6767c1db826bd3a3674e56e203c70142a70907239a56ee141a1bd42b6"},
    {file = "neomodel-5.5.0.tar.gz", hash = "sha256:b324b9ff46140d1efcff488584a87ddf3d9f2e991cb0b1e5810d6223a3f5b09e"},
]

[package.dependencies]
neo4j = ">=5.28.1,<5.29.0"

[package.extras]
dev = ["black", "isort", "mypy", "pandas-stubs", "pre-commit", "pytest (>=7.1)", "pytest-asyncio", "pytest-cov (>=4.0)", "pytest-mock", "types-pytz", "types-shapely", "unasync"]
extras = ["numpy", "pandas", "shapely"]
numpy = ["numpy"]
pandas = ["pandas"]
rust-driver-ext = ["neo4j-rust-ext (==5.28.1.0)"]
shapely = ["Shapely (>=2.0.0)"]

[[package]]
name = "poetry-core"
version = "2.1.3"
description = "Poetry PEP 517 Build Backend"
optional = false
python-versions = "<4.0,>=3.9"
groups = ["main"]
files = [
    {file = "poetry_core-2.1.3-py3-none-any.whl", hash = "sha256:2c704f05016698a54ca1d327f46ce2426d72eaca6ff614132c8477c292266771"},
    {file = "poetry_core-2.1.3.tar.gz", hash = "sha256:0522a015477ed622c89aad56a477a57813cace0c8e7ff2a2906b7ef4a2e296a4"},
]

[[package]]
name = "python-dotenv"
version = "1.1.0"
description = "Read key-value pairs from a .env file and set them as environment variables"
optional = false
python-versions = ">=3.9"
groups = ["main"]
files = [
    {file = "python_dotenv-1.1.0-py3-none-any.whl", hash = "sha256:d7c01d9e2293916c18baf562d95698754b0dbbb5e74d457c45d4f6561fb9d55d"},
    {file = "python_dotenv-1.1.0.tar.gz", hash = "sha256:41f90bc6f5f177fb41f53e87666db362025010eb28f60a01c9143bfa33a2b2d5"},
]

[package.extras]
cli = ["click (>=5.0)"]

[[package]]
name = "pytz"
version = "2025.2"
description = "World timezone definitions, modern and historical"
optional = false
python-versions = "*"
groups = ["main"]
files = [
    {file = "pytz-2025.2-py2.py3-none-any.whl", hash = "sha256:5ddf76296dd8c44c26eb8f4b6f35488f3ccbf6fbbd7adee0b7262d43f0ec2f00"},
    {file = "pytz-2025.2.tar.gz", hash = "sha256:360b9e3dbb49a209c21ad61809c7fb453643e048b38924c765813546746e81c3"},
]

[metadata]
lock-version = "2.1"
python-versions = "^3.12"
content-hash = "cacd664a75ff66ddd28d9cce01ce949614a858fcfae7503e76d8f6f7ff9d838c"
